
Microsoft Visual Studio Solution File, Format Version 11.00
# Visual Studio 2010
Project("{8BC9CEB8-8B4A-11D0-8D11-00A0C91BC942}") = "2D_Vanishment_This_Wall", "2D_Vanishment_This_Wall.vcxproj", "{19163E49-EDB3-45B0-980C-EE255E50333A}"
EndProject
Global
	GlobalSection(SolutionConfigurationPlatforms) = preSolution
		Debug|Win32 = Debug|Win32
		Release|Win32 = Release|Win32
	EndGlobalSection
	GlobalSection(ProjectConfigurationPlatforms) = postSolution
		{19163E49-EDB3-45B0-980C-EE255E50333A}.Debug|Win32.ActiveCfg = Debug|Win32
		{19163E49-EDB3-45B0-980C-EE255E50333A}.Debug|Win32.Build.0 = Debug|Win32
		{19163E49-EDB3-45B0-980C-EE255E50333A}.Release|Win32.ActiveCfg = Release|Win32
		{19163E49-EDB3-45B0-980C-EE255E50333A}.Release|Win32.Build.0 = Release|Win32
	EndGlobalSection
	GlobalSection(SolutionProperties) = preSolution
		HideSolutionNode = FALSE
	EndGlobalSection
EndGlobal
